
Microsoft Visual Studio Solution File, Format Version 12.00
# Visual Studio Version 17
VisualStudioVersion = 17.4.33213.308
MinimumVisualStudioVersion = 10.0.40219.1
Project("{9A19103F-16F7-4668-BE54-9A1E7A4F7556}") = "CourtList.Services", "CourtList.Services\CourtList.Services.csproj", "{5DF3F83D-DEFB-4535-B909-06B9121F9E70}"
EndProject
Project("{9A19103F-16F7-4668-BE54-9A1E7A4F7556}") = "CourtList.Models", "CourtList.Models\CourtList.Models.csproj", "{F62D9D73-E9EF-4AA3-ACA4-40ACE5107909}"
EndProject
Project("{9A19103F-16F7-4668-BE54-9A1E7A4F7556}") = "CourtList.Console", "CourtList.Console\CourtList.Console.csproj", "{1299EDEF-53A0-444A-AA9D-04FB19F6BD7F}"
EndProject
Project("{FAE04EC0-301F-11D3-BF4B-00C04F79EFBC}") = "CourtList.Yandex", "CourtList.Yandex\CourtList.Yandex.csproj", "{3CD22A1C-675A-4394-BB9F-FE4B9A419BBF}"
EndProject
Project("{FAE04EC0-301F-11D3-BF4B-00C04F79EFBC}") = "CourtList.Tests", "CourtList.Tests\CourtList.Tests.csproj", "{99EDAD93-84E8-4A63-96FF-24BAFBE80879}"
EndProject
Global
	GlobalSection(SolutionConfigurationPlatforms) = preSolution
		Debug|Any CPU = Debug|Any CPU
		Release|Any CPU = Release|Any CPU
	EndGlobalSection
	GlobalSection(ProjectConfigurationPlatforms) = postSolution
		{5DF3F83D-DEFB-4535-B909-06B9121F9E70}.Debug|Any CPU.ActiveCfg = Debug|Any CPU
		{5DF3F83D-DEFB-4535-B909-06B9121F9E70}.Debug|Any CPU.Build.0 = Debug|Any CPU
		{5DF3F83D-DEFB-4535-B909-06B9121F9E70}.Release|Any CPU.ActiveCfg = Release|Any CPU
		{5DF3F83D-DEFB-4535-B909-06B9121F9E70}.Release|Any CPU.Build.0 = Release|Any CPU
		{F62D9D73-E9EF-4AA3-ACA4-40ACE5107909}.Debug|Any CPU.ActiveCfg = Debug|Any CPU
		{F62D9D73-E9EF-4AA3-ACA4-40ACE5107909}.Debug|Any CPU.Build.0 = Debug|Any CPU
		{F62D9D73-E9EF-4AA3-ACA4-40ACE5107909}.Release|Any CPU.ActiveCfg = Release|Any CPU
		{F62D9D73-E9EF-4AA3-ACA4-40ACE5107909}.Release|Any CPU.Build.0 = Release|Any CPU
		{1299EDEF-53A0-444A-AA9D-04FB19F6BD7F}.Debug|Any CPU.ActiveCfg = Debug|Any CPU
		{1299EDEF-53A0-444A-AA9D-04FB19F6BD7F}.Debug|Any CPU.Build.0 = Debug|Any CPU
		{1299EDEF-53A0-444A-AA9D-04FB19F6BD7F}.Release|Any CPU.ActiveCfg = Release|Any CPU
		{1299EDEF-53A0-444A-AA9D-04FB19F6BD7F}.Release|Any CPU.Build.0 = Release|Any CPU
		{3CD22A1C-675A-4394-BB9F-FE4B9A419BBF}.Debug|Any CPU.ActiveCfg = Debug|Any CPU
		{3CD22A1C-675A-4394-BB9F-FE4B9A419BBF}.Debug|Any CPU.Build.0 = Debug|Any CPU
		{3CD22A1C-675A-4394-BB9F-FE4B9A419BBF}.Release|Any CPU.ActiveCfg = Release|Any CPU
		{3CD22A1C-675A-4394-BB9F-FE4B9A419BBF}.Release|Any CPU.Build.0 = Release|Any CPU
		{99EDAD93-84E8-4A63-96FF-24BAFBE80879}.Debug|Any CPU.ActiveCfg = Debug|Any CPU
		{99EDAD93-84E8-4A63-96FF-24BAFBE80879}.Debug|Any CPU.Build.0 = Debug|Any CPU
		{99EDAD93-84E8-4A63-96FF-24BAFBE80879}.Release|Any CPU.ActiveCfg = Release|Any CPU
		{99EDAD93-84E8-4A63-96FF-24BAFBE80879}.Release|Any CPU.Build.0 = Release|Any CPU
	EndGlobalSection
	GlobalSection(SolutionProperties) = preSolution
		HideSolutionNode = FALSE
	EndGlobalSection
	GlobalSection(ExtensibilityGlobals) = postSolution
		SolutionGuid = {AA65D68B-724F-4D1D-BAFB-1C3019703A53}
	EndGlobalSection
EndGlobal
